
Microsoft Visual Studio Solution File, Format Version 12.00
# Visual Studio Version 16
VisualStudioVersion = 16.0.31624.102
MinimumVisualStudioVersion = 10.0.40219.1
Project("{FAE04EC0-301F-11D3-BF4B-00C04F79EFBC}") = "exercise-6-api", "exercise-6-api\exercise-6-api.csproj", "{F5B912A8-7B2A-4810-BAE7-858079BB9009}"
EndProject
Project("{FAE04EC0-301F-11D3-BF4B-00C04F79EFBC}") = "exercise-6-db", "exercise-6-db\exercise-6-db.csproj", "{47A78857-69DB-4B59-8E26-C1E89136A06C}"
EndProject
Global
	GlobalSection(SolutionConfigurationPlatforms) = preSolution
		Debug|Any CPU = Debug|Any CPU
		Release|Any CPU = Release|Any CPU
	EndGlobalSection
	GlobalSection(ProjectConfigurationPlatforms) = postSolution
		{F5B912A8-7B2A-4810-BAE7-858079BB9009}.Debug|Any CPU.ActiveCfg = Debug|Any CPU
		{F5B912A8-7B2A-4810-BAE7-858079BB9009}.Debug|Any CPU.Build.0 = Debug|Any CPU
		{F5B912A8-7B2A-4810-BAE7-858079BB9009}.Release|Any CPU.ActiveCfg = Release|Any CPU
		{F5B912A8-7B2A-4810-BAE7-858079BB9009}.Release|Any CPU.Build.0 = Release|Any CPU
		{47A78857-69DB-4B59-8E26-C1E89136A06C}.Debug|Any CPU.ActiveCfg = Debug|Any CPU
		{47A78857-69DB-4B59-8E26-C1E89136A06C}.Debug|Any CPU.Build.0 = Debug|Any CPU
		{47A78857-69DB-4B59-8E26-C1E89136A06C}.Release|Any CPU.ActiveCfg = Release|Any CPU
		{47A78857-69DB-4B59-8E26-C1E89136A06C}.Release|Any CPU.Build.0 = Release|Any CPU
	EndGlobalSection
	GlobalSection(SolutionProperties) = preSolution
		HideSolutionNode = FALSE
	EndGlobalSection
	GlobalSection(ExtensibilityGlobals) = postSolution
		SolutionGuid = {D7BC5EC8-3584-421A-87EC-D15CD8946C2F}
	EndGlobalSection
EndGlobal
